
Microsoft Visual Studio Solution File, Format Version 12.00
# Visual Studio 15
VisualStudioVersion = 15.0.27130.0
MinimumVisualStudioVersion = 10.0.40219.1
Project("{FAE04EC0-301F-11D3-BF4B-00C04F79EFBC}") = "DMVCalculator", "DMVCalculator\DMVCalculator.csproj", "{FA497D81-E962-4F22-86A6-7A167BBFE606}"
EndProject
Global
	GlobalSection(SolutionConfigurationPlatforms) = preSolution
		Debug|Any CPU = Debug|Any CPU
		Release|Any CPU = Release|Any CPU
	EndGlobalSection
	GlobalSection(ProjectConfigurationPlatforms) = postSolution
		{FA497D81-E962-4F22-86A6-7A167BBFE606}.Debug|Any CPU.ActiveCfg = Debug|Any CPU
		{FA497D81-E962-4F22-86A6-7A167BBFE606}.Debug|Any CPU.Build.0 = Debug|Any CPU
		{FA497D81-E962-4F22-86A6-7A167BBFE606}.Release|Any CPU.ActiveCfg = Release|Any CPU
		{FA497D81-E962-4F22-86A6-7A167BBFE606}.Release|Any CPU.Build.0 = Release|Any CPU
	EndGlobalSection
	GlobalSection(SolutionProperties) = preSolution
		HideSolutionNode = FALSE
	EndGlobalSection
	GlobalSection(ExtensibilityGlobals) = postSolution
		SolutionGuid = {B24CF18C-25B0-4FFA-8DD0-6BDD103A5706}
	EndGlobalSection
EndGlobal
